// !$*UTF8*$!
{
	archiveVersion = 1;
	classes = {
	};
	objectVersion = 56;
	objects = {

/* Begin PBXBuildFile section */
		0A276F742938D3A6002FAB63 /* Day01.swift in Sources */ = {isa = PBXBuildFile; fileRef = 0A276F732938D3A6002FAB63 /* Day01.swift */; };
		0AEBA1DE2938A1B8001E92C1 /* main.swift in Sources */ = {isa = PBXBuildFile; fileRef = 0AEBA1DD2938A1B8001E92C1 /* main.swift */; };
		0AEBA1E82938AC1C001E92C1 /* 1-1.txt in CopyFiles */ = {isa = PBXBuildFile; fileRef = 0AEBA1E72938ABFE001E92C1 /* 1-1.txt */; };
		0AEBA1EA2938AD97001E92C1 /* Tools.swift in Sources */ = {isa = PBXBuildFile; fileRef = 0AEBA1E92938AD97001E92C1 /* Tools.swift */; };
/* End PBXBuildFile section */

/* Begin PBXCopyFilesBuildPhase section */
		0AEBA1D82938A1B8001E92C1 /* CopyFiles */ = {
			isa = PBXCopyFilesBuildPhase;
			buildActionMask = 8;
			dstPath = /usr/share/man/man1/;
			dstSubfolderSpec = 0;
			files = (
				0AEBA1E82938AC1C001E92C1 /* 1-1.txt in CopyFiles */,
			);
			runOnlyForDeploymentPostprocessing = 1;
		};
/* End PBXCopyFilesBuildPhase section */

/* Begin PBXFileReference section */
		0A276F732938D3A6002FAB63 /* Day01.swift */ = {isa = PBXFileReference; lastKnownFileType = sourcecode.swift; path = Day01.swift; sourceTree = "<group>"; };
		0AEBA1DA2938A1B8001E92C1 /* Advent of Code 2022 */ = {isa = PBXFileReference; explicitFileType = "compiled.mach-o.executable"; includeInIndex = 0; path = "Advent of Code 2022"; sourceTree = BUILT_PRODUCTS_DIR; };
		0AEBA1DD2938A1B8001E92C1 /* main.swift */ = {isa = PBXFileReference; lastKnownFileType = sourcecode.swift; name = main.swift; path = "/Users/kevin/Developer/Advent-of-Code-2022/Advent of Code 2022/main.swift"; sourceTree = "<absolute>"; };
		0AEBA1E72938ABFE001E92C1 /* 1-1.txt */ = {isa = PBXFileReference; fileEncoding = 4; lastKnownFileType = text; path = "1-1.txt"; sourceTree = "<group>"; };
		0AEBA1E92938AD97001E92C1 /* Tools.swift */ = {isa = PBXFileReference; lastKnownFileType = sourcecode.swift; path = Tools.swift; sourceTree = "<group>"; };
/* End PBXFileReference section */

/* Begin PBXFrameworksBuildPhase section */
		0AEBA1D72938A1B8001E92C1 /* Frameworks */ = {
			isa = PBXFrameworksBuildPhase;
			buildActionMask = 2147483647;
			files = (
			);
			runOnlyForDeploymentPostprocessing = 0;
		};
/* End PBXFrameworksBuildPhase section */

/* Begin PBXGroup section */
		0AEBA1D12938A1B8001E92C1 = {
			isa = PBXGroup;
			children = (
				0AEBA1DC2938A1B8001E92C1 /* Advent of Code 2022 */,
				0AEBA1DB2938A1B8001E92C1 /* Products */,
			);
			sourceTree = "<group>";
		};
		0AEBA1DB2938A1B8001E92C1 /* Products */ = {
			isa = PBXGroup;
			children = (
				0AEBA1DA2938A1B8001E92C1 /* Advent of Code 2022 */,
			);
			name = Products;
			sourceTree = "<group>";
		};
		0AEBA1DC2938A1B8001E92C1 /* Advent of Code 2022 */ = {
			isa = PBXGroup;
			children = (
				0AEBA1E42938A237001E92C1 /* Inputs */,
				0AEBA1DD2938A1B8001E92C1 /* main.swift */,
				0AEBA1E92938AD97001E92C1 /* Tools.swift */,
				0A276F732938D3A6002FAB63 /* Day01.swift */,
			);
			path = "Advent of Code 2022";
			sourceTree = "<group>";
		};
		0AEBA1E42938A237001E92C1 /* Inputs */ = {
			isa = PBXGroup;
			children = (
				0AEBA1E72938ABFE001E92C1 /* 1-1.txt */,
			);
			path = Inputs;
			sourceTree = "<group>";
		};
/* End PBXGroup section */

/* Begin PBXNativeTarget section */
		0AEBA1D92938A1B8001E92C1 /* Advent of Code 2022 */ = {
			isa = PBXNativeTarget;
			buildConfigurationList = 0AEBA1E12938A1B8001E92C1 /* Build configuration list for PBXNativeTarget "Advent of Code 2022" */;
			buildPhases = (
				0AEBA1D62938A1B8001E92C1 /* Sources */,
				0AEBA1D72938A1B8001E92C1 /* Frameworks */,
				0AEBA1D82938A1B8001E92C1 /* CopyFiles */,
			);
			buildRules = (
			);
			dependencies = (
			);
			name = "Advent of Code 2022";
			productName = "Advent of Code 2022";
			productReference = 0AEBA1DA2938A1B8001E92C1 /* Advent of Code 2022 */;
			productType = "com.apple.product-type.tool";
		};
/* End PBXNativeTarget section */

/* Begin PBXProject section */
		0AEBA1D22938A1B8001E92C1 /* Project object */ = {
			isa = PBXProject;
			attributes = {
				BuildIndependentTargetsInParallel = 1;
				LastSwiftUpdateCheck = 1410;
				LastUpgradeCheck = 1410;
				TargetAttributes = {
					0AEBA1D92938A1B8001E92C1 = {
						CreatedOnToolsVersion = 14.1;
					};
				};
			};
			buildConfigurationList = 0AEBA1D52938A1B8001E92C1 /* Build configuration list for PBXProject "Advent of Code 2022" */;
			compatibilityVersion = "Xcode 14.0";
			developmentRegion = en;
			hasScannedForEncodings = 0;
			knownRegions = (
				en,
				Base,
			);
			mainGroup = 0AEBA1D12938A1B8001E92C1;
			productRefGroup = 0AEBA1DB2938A1B8001E92C1 /* Products */;
			projectDirPath = "";
			projectRoot = "";
			targets = (
				0AEBA1D92938A1B8001E92C1 /* Advent of Code 2022 */,
			);
		};
/* End PBXProject section */

/* Begin PBXSourcesBuildPhase section */
		0AEBA1D62938A1B8001E92C1 /* Sources */ = {
			isa = PBXSourcesBuildPhase;
			buildActionMask = 2147483647;
			files = (
				0AEBA1DE2938A1B8001E92C1 /* main.swift in Sources */,
				0AEBA1EA2938AD97001E92C1 /* Tools.swift in Sources */,
				0A276F742938D3A6002FAB63 /* Day01.swift in Sources */,
			);
			runOnlyForDeploymentPostprocessing = 0;
		};
/* End PBXSourcesBuildPhase section */

/* Begin XCBuildConfiguration section */
		0AEBA1DF2938A1B8001E92C1 /* Debug */ = {
			isa = XCBuildConfiguration;
			buildSettings = {
				ALWAYS_SEARCH_USER_PATHS = NO;
				CLANG_ANALYZER_NONNULL = YES;
				CLANG_ANALYZER_NUMBER_OBJECT_CONVERSION = YES_AGGRESSIVE;
				CLANG_CXX_LANGUAGE_STANDARD = "gnu++20";
				CLANG_ENABLE_MODULES = YES;
				CLANG_ENABLE_OBJC_ARC = YES;
				CLANG_ENABLE_OBJC_WEAK = YES;
				CLANG_WARN_BLOCK_CAPTURE_AUTORELEASING = YES;
				CLANG_WARN_BOOL_CONVERSION = YES;
				CLANG_WARN_COMMA = YES;
				CLANG_WARN_CONSTANT_CONVERSION = YES;
				CLANG_WARN_DEPRECATED_OBJC_IMPLEMENTATIONS = YES;
				CLANG_WARN_DIRECT_OBJC_ISA_USAGE = YES_ERROR;
				CLANG_WARN_DOCUMENTATION_COMMENTS = YES;
				CLANG_WARN_EMPTY_BODY = YES;
				CLANG_WARN_ENUM_CONVERSION = YES;
				CLANG_WARN_INFINITE_RECURSION = YES;
				CLANG_WARN_INT_CONVERSION = YES;
				CLANG_WARN_NON_LITERAL_NULL_CONVERSION = YES;
				CLANG_WARN_OBJC_IMPLICIT_RETAIN_SELF = YES;
				CLANG_WARN_OBJC_LITERAL_CONVERSION = YES;
				CLANG_WARN_OBJC_ROOT_CLASS = YES_ERROR;
				CLANG_WARN_QUOTED_INCLUDE_IN_FRAMEWORK_HEADER = YES;
				CLANG_WARN_RANGE_LOOP_ANALYSIS = YES;
				CLANG_WARN_STRICT_PROTOTYPES = YES;
				CLANG_WARN_SUSPICIOUS_MOVE = YES;
				CLANG_WARN_UNGUARDED_AVAILABILITY = YES_AGGRESSIVE;
				CLANG_WARN_UNREACHABLE_CODE = YES;
				CLANG_WARN__DUPLICATE_METHOD_MATCH = YES;
				COPY_PHASE_STRIP = NO;
				DEBUG_INFORMATION_FORMAT = dwarf;
				ENABLE_STRICT_OBJC_MSGSEND = YES;
				ENABLE_TESTABILITY = YES;
				GCC_C_LANGUAGE_STANDARD = gnu11;
				GCC_DYNAMIC_NO_PIC = NO;
				GCC_NO_COMMON_BLOCKS = YES;
				GCC_OPTIMIZATION_LEVEL = 0;
				GCC_PREPROCESSOR_DEFINITIONS = (
					"DEBUG=1",
					"$(inherited)",
				);
				GCC_WARN_64_TO_32_BIT_CONVERSION = YES;
				GCC_WARN_ABOUT_RETURN_TYPE = YES_ERROR;
				GCC_WARN_UNDECLARED_SELECTOR = YES;
				GCC_WARN_UNINITIALIZED_AUTOS = YES_AGGRESSIVE;
				GCC_WARN_UNUSED_FUNCTION = YES;
				GCC_WARN_UNUSED_VARIABLE = YES;
				MACOSX_DEPLOYMENT_TARGET = 13.0;
				MTL_ENABLE_DEBUG_INFO = INCLUDE_SOURCE;
				MTL_FAST_MATH = YES;
				ONLY_ACTIVE_ARCH = YES;
				SDKROOT = macosx;
				SWIFT_ACTIVE_COMPILATION_CONDITIONS = DEBUG;
				SWIFT_OPTIMIZATION_LEVEL = "-Onone";
			};
			name = Debug;
		};
		0AEBA1E02938A1B8001E92C1 /* Release */ = {
			isa = XCBuildConfiguration;
			buildSettings = {
				ALWAYS_SEARCH_USER_PATHS = NO;
				CLANG_ANALYZER_NONNULL = YES;
				CLANG_ANALYZER_NUMBER_OBJECT_CONVERSION = YES_AGGRESSIVE;
				CLANG_CXX_LANGUAGE_STANDARD = "gnu++20";
				CLANG_ENABLE_MODULES = YES;
				CLANG_ENABLE_OBJC_ARC = YES;
				CLANG_ENABLE_OBJC_WEAK = YES;
				CLANG_WARN_BLOCK_CAPTURE_AUTORELEASING = YES;
				CLANG_WARN_BOOL_CONVERSION = YES;
				CLANG_WARN_COMMA = YES;
				CLANG_WARN_CONSTANT_CONVERSION = YES;
				CLANG_WARN_DEPRECATED_OBJC_IMPLEMENTATIONS = YES;
				CLANG_WARN_DIRECT_OBJC_ISA_USAGE = YES_ERROR;
				CLANG_WARN_DOCUMENTATION_COMMENTS = YES;
				CLANG_WARN_EMPTY_BODY = YES;
				CLANG_WARN_ENUM_CONVERSION = YES;
				CLANG_WARN_INFINITE_RECURSION = YES;
				CLANG_WARN_INT_CONVERSION = YES;
				CLANG_WARN_NON_LITERAL_NULL_CONVERSION = YES;
				CLANG_WARN_OBJC_IMPLICIT_RETAIN_SELF = YES;
				CLANG_WARN_OBJC_LITERAL_CONVERSION = YES;
				CLANG_WARN_OBJC_ROOT_CLASS = YES_ERROR;
				CLANG_WARN_QUOTED_INCLUDE_IN_FRAMEWORK_HEADER = YES;
				CLANG_WARN_RANGE_LOOP_ANALYSIS = YES;
				CLANG_WARN_STRICT_PROTOTYPES = YES;
				CLANG_WARN_SUSPICIOUS_MOVE = YES;
				CLANG_WARN_UNGUARDED_AVAILABILITY = YES_AGGRESSIVE;
				CLANG_WARN_UNREACHABLE_CODE = YES;
				CLANG_WARN__DUPLICATE_METHOD_MATCH = YES;
				COPY_PHASE_STRIP = NO;
				DEBUG_INFORMATION_FORMAT = "dwarf-with-dsym";
				ENABLE_NS_ASSERTIONS = NO;
				ENABLE_STRICT_OBJC_MSGSEND = YES;
				GCC_C_LANGUAGE_STANDARD = gnu11;
				GCC_NO_COMMON_BLOCKS = YES;
				GCC_WARN_64_TO_32_BIT_CONVERSION = YES;
				GCC_WARN_ABOUT_RETURN_TYPE = YES_ERROR;
				GCC_WARN_UNDECLARED_SELECTOR = YES;
				GCC_WARN_UNINITIALIZED_AUTOS = YES_AGGRESSIVE;
				GCC_WARN_UNUSED_FUNCTION = YES;
				GCC_WARN_UNUSED_VARIABLE = YES;
				MACOSX_DEPLOYMENT_TARGET = 13.0;
				MTL_ENABLE_DEBUG_INFO = NO;
				MTL_FAST_MATH = YES;
				SDKROOT = macosx;
				SWIFT_COMPILATION_MODE = wholemodule;
				SWIFT_OPTIMIZATION_LEVEL = "-O";
			};
			name = Release;
		};
		0AEBA1E22938A1B8001E92C1 /* Debug */ = {
			isa = XCBuildConfiguration;
			buildSettings = {
				CODE_SIGN_STYLE = Automatic;
				DEVELOPMENT_TEAM = 26KYQ2DXPW;
				ENABLE_HARDENED_RUNTIME = YES;
				PRODUCT_NAME = "$(TARGET_NAME)";
				SWIFT_VERSION = 5.0;
			};
			name = Debug;
		};
		0AEBA1E32938A1B8001E92C1 /* Release */ = {
			isa = XCBuildConfiguration;
			buildSettings = {
				CODE_SIGN_STYLE = Automatic;
				DEVELOPMENT_TEAM = 26KYQ2DXPW;
				ENABLE_HARDENED_RUNTIME = YES;
				PRODUCT_NAME = "$(TARGET_NAME)";
				SWIFT_VERSION = 5.0;
			};
			name = Release;
		};
/* End XCBuildConfiguration section */

/* Begin XCConfigurationList section */
		0AEBA1D52938A1B8001E92C1 /* Build configuration list for PBXProject "Advent of Code 2022" */ = {
			isa = XCConfigurationList;
			buildConfigurations = (
				0AEBA1DF2938A1B8001E92C1 /* Debug */,
				0AEBA1E02938A1B8001E92C1 /* Release */,
			);
			defaultConfigurationIsVisible = 0;
			defaultConfigurationName = Release;
		};
		0AEBA1E12938A1B8001E92C1 /* Build configuration list for PBXNativeTarget "Advent of Code 2022" */ = {
			isa = XCConfigurationList;
			buildConfigurations = (
				0AEBA1E22938A1B8001E92C1 /* Debug */,
				0AEBA1E32938A1B8001E92C1 /* Release */,
			);
			defaultConfigurationIsVisible = 0;
			defaultConfigurationName = Release;
		};
/* End XCConfigurationList section */
	};
	rootObject = 0AEBA1D22938A1B8001E92C1 /* Project object */;
}
